{
  "nodes": {
    "home-manager": {
      "inputs": {
        "nixpkgs": [
          "nixpkgs"
        ]
      },
      "locked": {
        "lastModified": 1726989464,
        "narHash": "sha256-Vl+WVTJwutXkimwGprnEtXc/s/s8sMuXzqXaspIGlwM=",
        "owner": "nix-community",
        "repo": "home-manager",
        "rev": "2f23fa308a7c067e52dfcc30a0758f47043ec176",
        "type": "github"
      },
      "original": {
        "owner": "nix-community",
        "ref": "release-24.05",
        "repo": "home-manager",
        "type": "github"
      }
    },
    "kmonad": {
      "inputs": {
        "nixpkgs": "nixpkgs"
      },
      "locked": {
        "dir": "nix",
        "lastModified": 1726080562,
        "narHash": "sha256-Inh/OXdaw5tG/GrVjjhVELtSTZFPGLG3UcN/J5oFWy8=",
        "owner": "kmonad",
        "repo": "kmonad",
        "rev": "4e17fc4432dad3664d39274e4e698c7a5497216d",
        "type": "github"
      },
      "original": {
        "dir": "nix",
        "owner": "kmonad",
        "repo": "kmonad",
        "type": "github"
      }
    },
    "nixos-hardware": {
      "locked": {
        "lastModified": 1727040444,
        "narHash": "sha256-19FNN5QT9Z11ZUMfftRplyNN+2PgcHKb3oq8KMW/hDA=",
        "owner": "NixOS",
        "repo": "nixos-hardware",
        "rev": "d0cb432a9d28218df11cbd77d984a2a46caeb5ac",
        "type": "github"
      },
      "original": {
        "owner": "NixOS",
        "ref": "master",
        "repo": "nixos-hardware",
        "type": "github"
      }
    },
    "nixpkgs": {
      "locked": {
        "lastModified": 1720368505,
        "narHash": "sha256-5r0pInVo5d6Enti0YwUSQK4TebITypB42bWy5su3MrQ=",
        "owner": "NixOS",
        "repo": "nixpkgs",
        "rev": "ab82a9612aa45284d4adf69ee81871a389669a9e",
        "type": "github"
      },
      "original": {
        "owner": "NixOS",
        "ref": "nixpkgs-unstable",
        "repo": "nixpkgs",
        "type": "github"
      }
    },
    "nixpkgs-unstable": {
      "locked": {
        "lastModified": 1727173215,
        "narHash": "sha256-OtMlWYCqBDbnEsByoows785Gem9CSMiXYEBiKKtStk4=",
        "owner": "NixOS",
        "repo": "nixpkgs",
        "rev": "965289e5e07243f1cde3212d8bcaf726d36c5c46",
        "type": "github"
      },
      "original": {
        "owner": "NixOS",
        "ref": "nixpkgs-unstable",
        "repo": "nixpkgs",
        "type": "github"
      }
    },
    "nixpkgs_2": {
      "locked": {
        "lastModified": 1727129439,
        "narHash": "sha256-nPyrcFm6FSk7CxzVW4x2hu62aLDghNcv9dX6DF3dXw8=",
        "owner": "NixOS",
        "repo": "nixpkgs",
        "rev": "babc25a577c3310cce57c72d5bed70f4c3c3843a",
        "type": "github"
      },
      "original": {
        "owner": "NixOS",
        "ref": "nixos-24.05",
        "repo": "nixpkgs",
        "type": "github"
      }
    },
    "root": {
      "inputs": {
        "home-manager": "home-manager",
        "kmonad": "kmonad",
        "nixos-hardware": "nixos-hardware",
        "nixpkgs": "nixpkgs_2",
        "nixpkgs-unstable": "nixpkgs-unstable"
      }
    }
  },
  "root": "root",
  "version": 7
}
